
Microsoft Visual Studio Solution File, Format Version 12.00
# Visual Studio Version 16
VisualStudioVersion = 16.0.30907.101
MinimumVisualStudioVersion = 10.0.40219.1
Project("{FAE04EC0-301F-11D3-BF4B-00C04F79EFBC}") = "DeliveryUpdate.Api", "DeliveryUpdate.Api\DeliveryUpdate.Api.csproj", "{1958BD7A-D5F4-484B-B81C-65122C63A732}"
EndProject
Project("{FAE04EC0-301F-11D3-BF4B-00C04F79EFBC}") = "DeliveryUpdate.Repository", "DeliveryUpdate.Repository\DeliveryUpdate.Repository\DeliveryUpdate.Repository.csproj", "{66B352A3-8645-4984-8843-C9D2AEDB24BD}"
EndProject
Project("{FAE04EC0-301F-11D3-BF4B-00C04F79EFBC}") = "DeliveryUpdate.Service", "DeliveryUpdate.Service\DeliveryUpdate.Service\DeliveryUpdate.Service.csproj", "{FE5387BB-47EE-4DB4-B567-262EE30DBA54}"
EndProject
Project("{FAE04EC0-301F-11D3-BF4B-00C04F79EFBC}") = "DeliveryUpdate.Test", "DeliveryUpdate.Test\DeliveryUpdate.Test\DeliveryUpdate.Test.csproj", "{ADED7A82-D172-4CB0-80F3-484E6683E274}"
EndProject
Global
	GlobalSection(SolutionConfigurationPlatforms) = preSolution
		Debug|Any CPU = Debug|Any CPU
		Release|Any CPU = Release|Any CPU
	EndGlobalSection
	GlobalSection(ProjectConfigurationPlatforms) = postSolution
		{1958BD7A-D5F4-484B-B81C-65122C63A732}.Debug|Any CPU.ActiveCfg = Debug|Any CPU
		{1958BD7A-D5F4-484B-B81C-65122C63A732}.Debug|Any CPU.Build.0 = Debug|Any CPU
		{1958BD7A-D5F4-484B-B81C-65122C63A732}.Release|Any CPU.ActiveCfg = Release|Any CPU
		{1958BD7A-D5F4-484B-B81C-65122C63A732}.Release|Any CPU.Build.0 = Release|Any CPU
		{66B352A3-8645-4984-8843-C9D2AEDB24BD}.Debug|Any CPU.ActiveCfg = Debug|Any CPU
		{66B352A3-8645-4984-8843-C9D2AEDB24BD}.Debug|Any CPU.Build.0 = Debug|Any CPU
		{66B352A3-8645-4984-8843-C9D2AEDB24BD}.Release|Any CPU.ActiveCfg = Release|Any CPU
		{66B352A3-8645-4984-8843-C9D2AEDB24BD}.Release|Any CPU.Build.0 = Release|Any CPU
		{FE5387BB-47EE-4DB4-B567-262EE30DBA54}.Debug|Any CPU.ActiveCfg = Debug|Any CPU
		{FE5387BB-47EE-4DB4-B567-262EE30DBA54}.Debug|Any CPU.Build.0 = Debug|Any CPU
		{FE5387BB-47EE-4DB4-B567-262EE30DBA54}.Release|Any CPU.ActiveCfg = Release|Any CPU
		{FE5387BB-47EE-4DB4-B567-262EE30DBA54}.Release|Any CPU.Build.0 = Release|Any CPU
		{ADED7A82-D172-4CB0-80F3-484E6683E274}.Debug|Any CPU.ActiveCfg = Debug|Any CPU
		{ADED7A82-D172-4CB0-80F3-484E6683E274}.Debug|Any CPU.Build.0 = Debug|Any CPU
		{ADED7A82-D172-4CB0-80F3-484E6683E274}.Release|Any CPU.ActiveCfg = Release|Any CPU
		{ADED7A82-D172-4CB0-80F3-484E6683E274}.Release|Any CPU.Build.0 = Release|Any CPU
	EndGlobalSection
	GlobalSection(SolutionProperties) = preSolution
		HideSolutionNode = FALSE
	EndGlobalSection
	GlobalSection(ExtensibilityGlobals) = postSolution
		SolutionGuid = {BDB2C156-5020-4DD9-85B6-A2CE3ACCFF70}
	EndGlobalSection
EndGlobal
